
Microsoft Visual Studio Solution File, Format Version 12.00
# Visual Studio Version 17
VisualStudioVersion = 17.5.002.0
MinimumVisualStudioVersion = 10.0.40219.1
Project("{9A19103F-16F7-4668-BE54-9A1E7A4F7556}") = "EntityFrameWorkFirst", "EntityFrameWorkFirst.csproj", "{0F7FE1DC-0A77-4D0A-95FD-08A7EACC6BAE}"
EndProject
Global
	GlobalSection(SolutionConfigurationPlatforms) = preSolution
		Debug|Any CPU = Debug|Any CPU
		Release|Any CPU = Release|Any CPU
	EndGlobalSection
	GlobalSection(ProjectConfigurationPlatforms) = postSolution
		{0F7FE1DC-0A77-4D0A-95FD-08A7EACC6BAE}.Debug|Any CPU.ActiveCfg = Debug|Any CPU
		{0F7FE1DC-0A77-4D0A-95FD-08A7EACC6BAE}.Debug|Any CPU.Build.0 = Debug|Any CPU
		{0F7FE1DC-0A77-4D0A-95FD-08A7EACC6BAE}.Release|Any CPU.ActiveCfg = Release|Any CPU
		{0F7FE1DC-0A77-4D0A-95FD-08A7EACC6BAE}.Release|Any CPU.Build.0 = Release|Any CPU
	EndGlobalSection
	GlobalSection(SolutionProperties) = preSolution
		HideSolutionNode = FALSE
	EndGlobalSection
	GlobalSection(ExtensibilityGlobals) = postSolution
		SolutionGuid = {99FB5AC3-0321-4AFE-8E33-336B5BDF9C03}
	EndGlobalSection
EndGlobal
